
Microsoft Visual Studio Solution File, Format Version 12.00
# Visual Studio Version 17
VisualStudioVersion = 17.5.002.0
MinimumVisualStudioVersion = 10.0.40219.1
Project("{9A19103F-16F7-4668-BE54-9A1E7A4F7556}") = "Tozawa.Language.Svc", "Tozawa.Language.Svc.csproj", "{B9146465-B8E2-4610-AF57-00EFBF4D2225}"
EndProject
Global
	GlobalSection(SolutionConfigurationPlatforms) = preSolution
		Debug|Any CPU = Debug|Any CPU
		Release|Any CPU = Release|Any CPU
	EndGlobalSection
	GlobalSection(ProjectConfigurationPlatforms) = postSolution
		{B9146465-B8E2-4610-AF57-00EFBF4D2225}.Debug|Any CPU.ActiveCfg = Debug|Any CPU
		{B9146465-B8E2-4610-AF57-00EFBF4D2225}.Debug|Any CPU.Build.0 = Debug|Any CPU
		{B9146465-B8E2-4610-AF57-00EFBF4D2225}.Release|Any CPU.ActiveCfg = Release|Any CPU
		{B9146465-B8E2-4610-AF57-00EFBF4D2225}.Release|Any CPU.Build.0 = Release|Any CPU
	EndGlobalSection
	GlobalSection(SolutionProperties) = preSolution
		HideSolutionNode = FALSE
	EndGlobalSection
	GlobalSection(ExtensibilityGlobals) = postSolution
		SolutionGuid = {B7008D02-AB48-4181-A573-9038AC51C3C9}
	EndGlobalSection
EndGlobal
