
Microsoft Visual Studio Solution File, Format Version 12.00
# Visual Studio Version 16
VisualStudioVersion = 16.0.30114.105
MinimumVisualStudioVersion = 10.0.40219.1
Project("{2150E333-8FDC-42A3-9474-1A3956D46DE8}") = "src", "src", "{25B72933-23A6-45D3-B830-CB613D9ED70F}"
EndProject
Project("{FAE04EC0-301F-11D3-BF4B-00C04F79EFBC}") = "Tozawa.Activity.Bff", "src\Tozawa.Activity.Bff\Tozawa.Activity.Bff.csproj", "{C87B7648-FB85-47D2-ADD5-C63A055FA3ED}"
EndProject
Global
	GlobalSection(SolutionConfigurationPlatforms) = preSolution
		Debug|Any CPU = Debug|Any CPU
		Release|Any CPU = Release|Any CPU
	EndGlobalSection
	GlobalSection(SolutionProperties) = preSolution
		HideSolutionNode = FALSE
	EndGlobalSection
	GlobalSection(ProjectConfigurationPlatforms) = postSolution
		{C87B7648-FB85-47D2-ADD5-C63A055FA3ED}.Debug|Any CPU.ActiveCfg = Debug|Any CPU
		{C87B7648-FB85-47D2-ADD5-C63A055FA3ED}.Debug|Any CPU.Build.0 = Debug|Any CPU
		{C87B7648-FB85-47D2-ADD5-C63A055FA3ED}.Release|Any CPU.ActiveCfg = Release|Any CPU
		{C87B7648-FB85-47D2-ADD5-C63A055FA3ED}.Release|Any CPU.Build.0 = Release|Any CPU
	EndGlobalSection
	GlobalSection(NestedProjects) = preSolution
		{C87B7648-FB85-47D2-ADD5-C63A055FA3ED} = {25B72933-23A6-45D3-B830-CB613D9ED70F}
	EndGlobalSection
EndGlobal
