
Microsoft Visual Studio Solution File, Format Version 12.00
# Visual Studio Version 17
VisualStudioVersion = 17.5.002.0
MinimumVisualStudioVersion = 10.0.40219.1
Project("{9A19103F-16F7-4668-BE54-9A1E7A4F7556}") = "TozawaMauiHybrid", "TozawaMauiHybrid.csproj", "{76111815-AF99-49F5-9688-630D6343EC38}"
EndProject
Global
	GlobalSection(SolutionConfigurationPlatforms) = preSolution
		Debug|Any CPU = Debug|Any CPU
		Release|Any CPU = Release|Any CPU
	EndGlobalSection
	GlobalSection(ProjectConfigurationPlatforms) = postSolution
		{76111815-AF99-49F5-9688-630D6343EC38}.Debug|Any CPU.ActiveCfg = Debug|Any CPU
		{76111815-AF99-49F5-9688-630D6343EC38}.Debug|Any CPU.Build.0 = Debug|Any CPU
		{76111815-AF99-49F5-9688-630D6343EC38}.Release|Any CPU.ActiveCfg = Release|Any CPU
		{76111815-AF99-49F5-9688-630D6343EC38}.Release|Any CPU.Build.0 = Release|Any CPU
	EndGlobalSection
	GlobalSection(SolutionProperties) = preSolution
		HideSolutionNode = FALSE
	EndGlobalSection
	GlobalSection(ExtensibilityGlobals) = postSolution
		SolutionGuid = {14F7D5E2-D040-4129-9E81-67A830FA80A1}
	EndGlobalSection
EndGlobal
