
Microsoft Visual Studio Solution File, Format Version 12.00
# Visual Studio Version 17
VisualStudioVersion = 17.1.32421.90
MinimumVisualStudioVersion = 10.0.40219.1
Project("{2150E333-8FDC-42A3-9474-1A3956D46DE8}") = "src", "src", "{6FE86285-A115-4BE4-BB43-BB14D9A7D0B4}"
EndProject
Project("{9A19103F-16F7-4668-BE54-9A1E7A4F7556}") = "Tozawa.Attachment.Svc", "src\Tozawa.Attachment.Svc\Tozawa.Attachment.Svc.csproj", "{245E0E7A-1111-4132-9871-94B62D521941}"
EndProject
Project("{2150E333-8FDC-42A3-9474-1A3956D46DE8}") = "test", "test", "{D46714EE-391D-49DD-AA86-2C1255139B33}"
EndProject
Project("{9A19103F-16F7-4668-BE54-9A1E7A4F7556}") = "Tozawa.Attachment.Svc.Tests", "test\Tozawa.Attachment.Svc.Tests\Tozawa.Attachment.Svc.Tests.csproj", "{ACC45B7D-F18A-4D95-A35C-429FF241D97E}"
EndProject
Project("{2150E333-8FDC-42A3-9474-1A3956D46DE8}") = "infrastructure", "infrastructure", "{BA84749B-558A-43CB-B1D4-7DD4A8299A37}"
	ProjectSection(SolutionItems) = preProject
		infrastructure\addsqluser.ps1 = infrastructure\addsqluser.ps1
		infrastructure\azuredeploy.json = infrastructure\azuredeploy.json
		infrastructure\azuredeploy.parameters.dev.json = infrastructure\azuredeploy.parameters.dev.json
		infrastructure\azuredeploy.parameters.prodeu.json = infrastructure\azuredeploy.parameters.prodeu.json
		infrastructure\azuredeploy.parameters.test.json = infrastructure\azuredeploy.parameters.test.json
		infrastructure\azuredeploy.storage.json = infrastructure\azuredeploy.storage.json
		infrastructure\azuredeploy.storage.parameters.dev.json = infrastructure\azuredeploy.storage.parameters.dev.json
		infrastructure\azuredeploy.storage.parameters.prodeu.json = infrastructure\azuredeploy.storage.parameters.prodeu.json
		infrastructure\azuredeploy.storage.parameters.test.json = infrastructure\azuredeploy.storage.parameters.test.json
		infrastructure\get-application-insights-connectionstring.ps1 = infrastructure\get-application-insights-connectionstring.ps1
		infrastructure\getstorageaccountkey.ps1 = infrastructure\getstorageaccountkey.ps1
		infrastructure\setSvcApiKey.ps1 = infrastructure\setSvcApiKey.ps1
	EndProjectSection
EndProject
Project("{2150E333-8FDC-42A3-9474-1A3956D46DE8}") = "Solution Items", "Solution Items", "{64F8C3AB-14D1-4699-8EAD-2BE0FA8C2288}"
	ProjectSection(SolutionItems) = preProject
		build-and-test.yaml = build-and-test.yaml
		deploy-nonprod.yaml = deploy-nonprod.yaml
		deploy-prod.yaml = deploy-prod.yaml
		pipeline.yaml = pipeline.yaml
	EndProjectSection
EndProject
Global
	GlobalSection(SolutionConfigurationPlatforms) = preSolution
		Debug|Any CPU = Debug|Any CPU
		Release|Any CPU = Release|Any CPU
	EndGlobalSection
	GlobalSection(ProjectConfigurationPlatforms) = postSolution
		{245E0E7A-1111-4132-9871-94B62D521941}.Debug|Any CPU.ActiveCfg = Debug|Any CPU
		{245E0E7A-1111-4132-9871-94B62D521941}.Debug|Any CPU.Build.0 = Debug|Any CPU
		{245E0E7A-1111-4132-9871-94B62D521941}.Release|Any CPU.ActiveCfg = Release|Any CPU
		{245E0E7A-1111-4132-9871-94B62D521941}.Release|Any CPU.Build.0 = Release|Any CPU
		{ACC45B7D-F18A-4D95-A35C-429FF241D97E}.Debug|Any CPU.ActiveCfg = Debug|Any CPU
		{ACC45B7D-F18A-4D95-A35C-429FF241D97E}.Debug|Any CPU.Build.0 = Debug|Any CPU
		{ACC45B7D-F18A-4D95-A35C-429FF241D97E}.Release|Any CPU.ActiveCfg = Release|Any CPU
		{ACC45B7D-F18A-4D95-A35C-429FF241D97E}.Release|Any CPU.Build.0 = Release|Any CPU
	EndGlobalSection
	GlobalSection(SolutionProperties) = preSolution
		HideSolutionNode = FALSE
	EndGlobalSection
	GlobalSection(NestedProjects) = preSolution
		{245E0E7A-1111-4132-9871-94B62D521941} = {6FE86285-A115-4BE4-BB43-BB14D9A7D0B4}
		{ACC45B7D-F18A-4D95-A35C-429FF241D97E} = {D46714EE-391D-49DD-AA86-2C1255139B33}
	EndGlobalSection
	GlobalSection(ExtensibilityGlobals) = postSolution
		SolutionGuid = {2DA8BC0D-7F1D-4600-A858-025F3AEE38F4}
	EndGlobalSection
EndGlobal
