
Microsoft Visual Studio Solution File, Format Version 12.00
# Visual Studio Version 17
VisualStudioVersion = 17.5.002.0
MinimumVisualStudioVersion = 10.0.40219.1
Project("{9A19103F-16F7-4668-BE54-9A1E7A4F7556}") = "Tozawa.Attachment.Svc", "Tozawa.Attachment.Svc.csproj", "{372ECA8F-4D86-4963-812E-0A8802492B46}"
EndProject
Global
	GlobalSection(SolutionConfigurationPlatforms) = preSolution
		Debug|Any CPU = Debug|Any CPU
		Release|Any CPU = Release|Any CPU
	EndGlobalSection
	GlobalSection(ProjectConfigurationPlatforms) = postSolution
		{372ECA8F-4D86-4963-812E-0A8802492B46}.Debug|Any CPU.ActiveCfg = Debug|Any CPU
		{372ECA8F-4D86-4963-812E-0A8802492B46}.Debug|Any CPU.Build.0 = Debug|Any CPU
		{372ECA8F-4D86-4963-812E-0A8802492B46}.Release|Any CPU.ActiveCfg = Release|Any CPU
		{372ECA8F-4D86-4963-812E-0A8802492B46}.Release|Any CPU.Build.0 = Release|Any CPU
	EndGlobalSection
	GlobalSection(SolutionProperties) = preSolution
		HideSolutionNode = FALSE
	EndGlobalSection
	GlobalSection(ExtensibilityGlobals) = postSolution
		SolutionGuid = {08B59EAA-3E26-4E14-B9D4-D32318B65C21}
	EndGlobalSection
EndGlobal
