
Microsoft Visual Studio Solution File, Format Version 12.00
# Visual Studio Version 16
VisualStudioVersion = 16.0.30114.105
MinimumVisualStudioVersion = 10.0.40219.1
Project("{2150E333-8FDC-42A3-9474-1A3956D46DE8}") = "src", "src", "{61378F36-51CF-4B3B-B2BD-F34611E6DDFF}"
EndProject
Project("{FAE04EC0-301F-11D3-BF4B-00C04F79EFBC}") = "Tozawa.Language.Svc", "src\Tozawa.Language.Svc\Tozawa.Language.Svc.csproj", "{9B9EE48B-CA1E-45CB-88E3-0DB20E43BFD1}"
EndProject
Project("{2150E333-8FDC-42A3-9474-1A3956D46DE8}") = "test", "test", "{24EC6396-1A52-4ED7-A868-93B88E0119C0}"
EndProject
Project("{FAE04EC0-301F-11D3-BF4B-00C04F79EFBC}") = "Tozawa.Language.Tests", "test\Tozawa.Language.Tests\Tozawa.Language.Tests.csproj", "{1EDBB911-B865-4ADC-8B25-616260EAE0EA}"
EndProject
Project("{FAE04EC0-301F-11D3-BF4B-00C04F79EFBC}") = "Tozawa.Language.Client", "src\Tozawa.Language.Client\Tozawa.Language.Client.csproj", "{4DC7FF18-0BD5-47BE-8FA7-9A4D38D22459}"
EndProject
Global
	GlobalSection(SolutionConfigurationPlatforms) = preSolution
		Debug|Any CPU = Debug|Any CPU
		Release|Any CPU = Release|Any CPU
	EndGlobalSection
	GlobalSection(SolutionProperties) = preSolution
		HideSolutionNode = FALSE
	EndGlobalSection
	GlobalSection(ProjectConfigurationPlatforms) = postSolution
		{9B9EE48B-CA1E-45CB-88E3-0DB20E43BFD1}.Debug|Any CPU.ActiveCfg = Debug|Any CPU
		{9B9EE48B-CA1E-45CB-88E3-0DB20E43BFD1}.Debug|Any CPU.Build.0 = Debug|Any CPU
		{9B9EE48B-CA1E-45CB-88E3-0DB20E43BFD1}.Release|Any CPU.ActiveCfg = Release|Any CPU
		{9B9EE48B-CA1E-45CB-88E3-0DB20E43BFD1}.Release|Any CPU.Build.0 = Release|Any CPU
		{1EDBB911-B865-4ADC-8B25-616260EAE0EA}.Debug|Any CPU.ActiveCfg = Debug|Any CPU
		{1EDBB911-B865-4ADC-8B25-616260EAE0EA}.Debug|Any CPU.Build.0 = Debug|Any CPU
		{1EDBB911-B865-4ADC-8B25-616260EAE0EA}.Release|Any CPU.ActiveCfg = Release|Any CPU
		{1EDBB911-B865-4ADC-8B25-616260EAE0EA}.Release|Any CPU.Build.0 = Release|Any CPU
		{4DC7FF18-0BD5-47BE-8FA7-9A4D38D22459}.Debug|Any CPU.ActiveCfg = Debug|Any CPU
		{4DC7FF18-0BD5-47BE-8FA7-9A4D38D22459}.Debug|Any CPU.Build.0 = Debug|Any CPU
		{4DC7FF18-0BD5-47BE-8FA7-9A4D38D22459}.Release|Any CPU.ActiveCfg = Release|Any CPU
		{4DC7FF18-0BD5-47BE-8FA7-9A4D38D22459}.Release|Any CPU.Build.0 = Release|Any CPU
	EndGlobalSection
	GlobalSection(NestedProjects) = preSolution
		{9B9EE48B-CA1E-45CB-88E3-0DB20E43BFD1} = {61378F36-51CF-4B3B-B2BD-F34611E6DDFF}
		{1EDBB911-B865-4ADC-8B25-616260EAE0EA} = {24EC6396-1A52-4ED7-A868-93B88E0119C0}
		{4DC7FF18-0BD5-47BE-8FA7-9A4D38D22459} = {61378F36-51CF-4B3B-B2BD-F34611E6DDFF}
	EndGlobalSection
EndGlobal
